
Microsoft Visual Studio Solution File, Format Version 12.00
# Visual Studio 2013
VisualStudioVersion = 12.0.21005.1
MinimumVisualStudioVersion = 10.0.40219.1
Project("{FAE04EC0-301F-11D3-BF4B-00C04F79EFBC}") = "6DecimasExtra", "6DecimasExtra\6DecimasExtra.csproj", "{D5A47F97-9721-4B7C-8350-9A8F05606027}"
EndProject
Global
	GlobalSection(SolutionConfigurationPlatforms) = preSolution
		Debug|Any CPU = Debug|Any CPU
		Release|Any CPU = Release|Any CPU
	EndGlobalSection
	GlobalSection(ProjectConfigurationPlatforms) = postSolution
		{D5A47F97-9721-4B7C-8350-9A8F05606027}.Debug|Any CPU.ActiveCfg = Debug|Any CPU
		{D5A47F97-9721-4B7C-8350-9A8F05606027}.Debug|Any CPU.Build.0 = Debug|Any CPU
		{D5A47F97-9721-4B7C-8350-9A8F05606027}.Release|Any CPU.ActiveCfg = Release|Any CPU
		{D5A47F97-9721-4B7C-8350-9A8F05606027}.Release|Any CPU.Build.0 = Release|Any CPU
	EndGlobalSection
	GlobalSection(SolutionProperties) = preSolution
		HideSolutionNode = FALSE
	EndGlobalSection
EndGlobal
