
Microsoft Visual Studio Solution File, Format Version 12.00
# Visual Studio 2012
Project("{FAE04EC0-301F-11D3-BF4B-00C04F79EFBC}") = "Inventario", "Inventario\Inventario.csproj", "{714CC5BE-5715-4B8E-BEB5-F2834C1CCAFE}"
EndProject
Global
	GlobalSection(SolutionConfigurationPlatforms) = preSolution
		Debug|Any CPU = Debug|Any CPU
		Release|Any CPU = Release|Any CPU
	EndGlobalSection
	GlobalSection(ProjectConfigurationPlatforms) = postSolution
		{714CC5BE-5715-4B8E-BEB5-F2834C1CCAFE}.Debug|Any CPU.ActiveCfg = Debug|Any CPU
		{714CC5BE-5715-4B8E-BEB5-F2834C1CCAFE}.Debug|Any CPU.Build.0 = Debug|Any CPU
		{714CC5BE-5715-4B8E-BEB5-F2834C1CCAFE}.Release|Any CPU.ActiveCfg = Release|Any CPU
		{714CC5BE-5715-4B8E-BEB5-F2834C1CCAFE}.Release|Any CPU.Build.0 = Release|Any CPU
	EndGlobalSection
	GlobalSection(SolutionProperties) = preSolution
		HideSolutionNode = FALSE
	EndGlobalSection
EndGlobal
